// !$*UTF8*$!
{
	archiveVersion = 1;
	classes = {
	};
	objectVersion = 46;
	objects = {

/* Begin PBXBuildFile section */
		DA962A7D1AA5EDDD00A60E71 /* NetRawTransition.swift in Sources */ = {isa = PBXBuildFile; fileRef = DA962A7C1AA5EDDD00A60E71 /* NetRawTransition.swift */; };
		DADF44BA1AA4B44300CFD25B /* QueuedNet.h in Headers */ = {isa = PBXBuildFile; fileRef = DADF44B91AA4B44300CFD25B /* QueuedNet.h */; settings = {ATTRIBUTES = (Public, ); }; };
		DADF44C01AA4B44300CFD25B /* QueuedNet.framework in Frameworks */ = {isa = PBXBuildFile; fileRef = DADF44B41AA4B44300CFD25B /* QueuedNet.framework */; };
		DADF44C71AA4B44300CFD25B /* QueuedNetTests.swift in Sources */ = {isa = PBXBuildFile; fileRef = DADF44C61AA4B44300CFD25B /* QueuedNetTests.swift */; };
		DADF44D11AA4B47E00CFD25B /* NetBuilder.swift in Sources */ = {isa = PBXBuildFile; fileRef = DADF44D01AA4B47E00CFD25B /* NetBuilder.swift */; };
		DADF44D31AA4B49500CFD25B /* Net.swift in Sources */ = {isa = PBXBuildFile; fileRef = DADF44D21AA4B49500CFD25B /* Net.swift */; };
		DADF44D51AA4B4AF00CFD25B /* NetNode.swift in Sources */ = {isa = PBXBuildFile; fileRef = DADF44D41AA4B4AF00CFD25B /* NetNode.swift */; };
		DADF44D71AA4B4C600CFD25B /* NetTransition.swift in Sources */ = {isa = PBXBuildFile; fileRef = DADF44D61AA4B4C600CFD25B /* NetTransition.swift */; };
		DADF44D91AA4B4D900CFD25B /* Internals.swift in Sources */ = {isa = PBXBuildFile; fileRef = DADF44D81AA4B4D900CFD25B /* Internals.swift */; };
/* End PBXBuildFile section */

/* Begin PBXContainerItemProxy section */
		DADF44C11AA4B44300CFD25B /* PBXContainerItemProxy */ = {
			isa = PBXContainerItemProxy;
			containerPortal = DADF44AB1AA4B44300CFD25B /* Project object */;
			proxyType = 1;
			remoteGlobalIDString = DADF44B31AA4B44300CFD25B;
			remoteInfo = QueuedNet;
		};
/* End PBXContainerItemProxy section */

/* Begin PBXFileReference section */
		DA962A7C1AA5EDDD00A60E71 /* NetRawTransition.swift */ = {isa = PBXFileReference; fileEncoding = 4; lastKnownFileType = sourcecode.swift; path = NetRawTransition.swift; sourceTree = "<group>"; };
		DADF44B41AA4B44300CFD25B /* QueuedNet.framework */ = {isa = PBXFileReference; explicitFileType = wrapper.framework; includeInIndex = 0; path = QueuedNet.framework; sourceTree = BUILT_PRODUCTS_DIR; };
		DADF44B81AA4B44300CFD25B /* Info.plist */ = {isa = PBXFileReference; lastKnownFileType = text.plist.xml; path = Info.plist; sourceTree = "<group>"; };
		DADF44B91AA4B44300CFD25B /* QueuedNet.h */ = {isa = PBXFileReference; lastKnownFileType = sourcecode.c.h; path = QueuedNet.h; sourceTree = "<group>"; };
		DADF44BF1AA4B44300CFD25B /* QueuedNetTests.xctest */ = {isa = PBXFileReference; explicitFileType = wrapper.cfbundle; includeInIndex = 0; path = QueuedNetTests.xctest; sourceTree = BUILT_PRODUCTS_DIR; };
		DADF44C51AA4B44300CFD25B /* Info.plist */ = {isa = PBXFileReference; lastKnownFileType = text.plist.xml; path = Info.plist; sourceTree = "<group>"; };
		DADF44C61AA4B44300CFD25B /* QueuedNetTests.swift */ = {isa = PBXFileReference; lastKnownFileType = sourcecode.swift; path = QueuedNetTests.swift; sourceTree = "<group>"; };
		DADF44D01AA4B47E00CFD25B /* NetBuilder.swift */ = {isa = PBXFileReference; fileEncoding = 4; lastKnownFileType = sourcecode.swift; path = NetBuilder.swift; sourceTree = "<group>"; };
		DADF44D21AA4B49500CFD25B /* Net.swift */ = {isa = PBXFileReference; fileEncoding = 4; lastKnownFileType = sourcecode.swift; path = Net.swift; sourceTree = "<group>"; };
		DADF44D41AA4B4AF00CFD25B /* NetNode.swift */ = {isa = PBXFileReference; fileEncoding = 4; lastKnownFileType = sourcecode.swift; path = NetNode.swift; sourceTree = "<group>"; };
		DADF44D61AA4B4C600CFD25B /* NetTransition.swift */ = {isa = PBXFileReference; fileEncoding = 4; lastKnownFileType = sourcecode.swift; path = NetTransition.swift; sourceTree = "<group>"; };
		DADF44D81AA4B4D900CFD25B /* Internals.swift */ = {isa = PBXFileReference; fileEncoding = 4; lastKnownFileType = sourcecode.swift; path = Internals.swift; sourceTree = "<group>"; };
		DADF44DA1AA4B59E00CFD25B /* QueuedNet.playground */ = {isa = PBXFileReference; lastKnownFileType = file.playground; path = QueuedNet.playground; sourceTree = "<group>"; };
/* End PBXFileReference section */

/* Begin PBXFrameworksBuildPhase section */
		DADF44B01AA4B44300CFD25B /* Frameworks */ = {
			isa = PBXFrameworksBuildPhase;
			buildActionMask = 2147483647;
			files = (
			);
			runOnlyForDeploymentPostprocessing = 0;
		};
		DADF44BC1AA4B44300CFD25B /* Frameworks */ = {
			isa = PBXFrameworksBuildPhase;
			buildActionMask = 2147483647;
			files = (
				DADF44C01AA4B44300CFD25B /* QueuedNet.framework in Frameworks */,
			);
			runOnlyForDeploymentPostprocessing = 0;
		};
/* End PBXFrameworksBuildPhase section */

/* Begin PBXGroup section */
		DADF44AA1AA4B44300CFD25B = {
			isa = PBXGroup;
			children = (
				DADF44DA1AA4B59E00CFD25B /* QueuedNet.playground */,
				DADF44B61AA4B44300CFD25B /* QueuedNet */,
				DADF44C31AA4B44300CFD25B /* QueuedNetTests */,
				DADF44B51AA4B44300CFD25B /* Products */,
			);
			sourceTree = "<group>";
		};
		DADF44B51AA4B44300CFD25B /* Products */ = {
			isa = PBXGroup;
			children = (
				DADF44B41AA4B44300CFD25B /* QueuedNet.framework */,
				DADF44BF1AA4B44300CFD25B /* QueuedNetTests.xctest */,
			);
			name = Products;
			sourceTree = "<group>";
		};
		DADF44B61AA4B44300CFD25B /* QueuedNet */ = {
			isa = PBXGroup;
			children = (
				DADF44B91AA4B44300CFD25B /* QueuedNet.h */,
				DADF44D81AA4B4D900CFD25B /* Internals.swift */,
				DADF44D01AA4B47E00CFD25B /* NetBuilder.swift */,
				DADF44D21AA4B49500CFD25B /* Net.swift */,
				DADF44D41AA4B4AF00CFD25B /* NetNode.swift */,
				DADF44D61AA4B4C600CFD25B /* NetTransition.swift */,
				DA962A7C1AA5EDDD00A60E71 /* NetRawTransition.swift */,
				DADF44B71AA4B44300CFD25B /* Supporting Files */,
			);
			path = QueuedNet;
			sourceTree = "<group>";
		};
		DADF44B71AA4B44300CFD25B /* Supporting Files */ = {
			isa = PBXGroup;
			children = (
				DADF44B81AA4B44300CFD25B /* Info.plist */,
			);
			name = "Supporting Files";
			sourceTree = "<group>";
		};
		DADF44C31AA4B44300CFD25B /* QueuedNetTests */ = {
			isa = PBXGroup;
			children = (
				DADF44C61AA4B44300CFD25B /* QueuedNetTests.swift */,
				DADF44C41AA4B44300CFD25B /* Supporting Files */,
			);
			path = QueuedNetTests;
			sourceTree = "<group>";
		};
		DADF44C41AA4B44300CFD25B /* Supporting Files */ = {
			isa = PBXGroup;
			children = (
				DADF44C51AA4B44300CFD25B /* Info.plist */,
			);
			name = "Supporting Files";
			sourceTree = "<group>";
		};
/* End PBXGroup section */

/* Begin PBXHeadersBuildPhase section */
		DADF44B11AA4B44300CFD25B /* Headers */ = {
			isa = PBXHeadersBuildPhase;
			buildActionMask = 2147483647;
			files = (
				DADF44BA1AA4B44300CFD25B /* QueuedNet.h in Headers */,
			);
			runOnlyForDeploymentPostprocessing = 0;
		};
/* End PBXHeadersBuildPhase section */

/* Begin PBXNativeTarget section */
		DADF44B31AA4B44300CFD25B /* QueuedNet */ = {
			isa = PBXNativeTarget;
			buildConfigurationList = DADF44CA1AA4B44300CFD25B /* Build configuration list for PBXNativeTarget "QueuedNet" */;
			buildPhases = (
				DADF44AF1AA4B44300CFD25B /* Sources */,
				DADF44B01AA4B44300CFD25B /* Frameworks */,
				DADF44B11AA4B44300CFD25B /* Headers */,
				DADF44B21AA4B44300CFD25B /* Resources */,
			);
			buildRules = (
			);
			dependencies = (
			);
			name = QueuedNet;
			productName = QueuedNet;
			productReference = DADF44B41AA4B44300CFD25B /* QueuedNet.framework */;
			productType = "com.apple.product-type.framework";
		};
		DADF44BE1AA4B44300CFD25B /* QueuedNetTests */ = {
			isa = PBXNativeTarget;
			buildConfigurationList = DADF44CD1AA4B44300CFD25B /* Build configuration list for PBXNativeTarget "QueuedNetTests" */;
			buildPhases = (
				DADF44BB1AA4B44300CFD25B /* Sources */,
				DADF44BC1AA4B44300CFD25B /* Frameworks */,
				DADF44BD1AA4B44300CFD25B /* Resources */,
			);
			buildRules = (
			);
			dependencies = (
				DADF44C21AA4B44300CFD25B /* PBXTargetDependency */,
			);
			name = QueuedNetTests;
			productName = QueuedNetTests;
			productReference = DADF44BF1AA4B44300CFD25B /* QueuedNetTests.xctest */;
			productType = "com.apple.product-type.bundle.unit-test";
		};
/* End PBXNativeTarget section */

/* Begin PBXProject section */
		DADF44AB1AA4B44300CFD25B /* Project object */ = {
			isa = PBXProject;
			attributes = {
				LastUpgradeCheck = 0610;
				ORGANIZATIONNAME = "Valentin Knabel";
				TargetAttributes = {
					DADF44B31AA4B44300CFD25B = {
						CreatedOnToolsVersion = 6.1.1;
					};
					DADF44BE1AA4B44300CFD25B = {
						CreatedOnToolsVersion = 6.1.1;
					};
				};
			};
			buildConfigurationList = DADF44AE1AA4B44300CFD25B /* Build configuration list for PBXProject "QueuedNet" */;
			compatibilityVersion = "Xcode 3.2";
			developmentRegion = English;
			hasScannedForEncodings = 0;
			knownRegions = (
				en,
			);
			mainGroup = DADF44AA1AA4B44300CFD25B;
			productRefGroup = DADF44B51AA4B44300CFD25B /* Products */;
			projectDirPath = "";
			projectRoot = "";
			targets = (
				DADF44B31AA4B44300CFD25B /* QueuedNet */,
				DADF44BE1AA4B44300CFD25B /* QueuedNetTests */,
			);
		};
/* End PBXProject section */

/* Begin PBXResourcesBuildPhase section */
		DADF44B21AA4B44300CFD25B /* Resources */ = {
			isa = PBXResourcesBuildPhase;
			buildActionMask = 2147483647;
			files = (
			);
			runOnlyForDeploymentPostprocessing = 0;
		};
		DADF44BD1AA4B44300CFD25B /* Resources */ = {
			isa = PBXResourcesBuildPhase;
			buildActionMask = 2147483647;
			files = (
			);
			runOnlyForDeploymentPostprocessing = 0;
		};
/* End PBXResourcesBuildPhase section */

/* Begin PBXSourcesBuildPhase section */
		DADF44AF1AA4B44300CFD25B /* Sources */ = {
			isa = PBXSourcesBuildPhase;
			buildActionMask = 2147483647;
			files = (
				DADF44D71AA4B4C600CFD25B /* NetTransition.swift in Sources */,
				DA962A7D1AA5EDDD00A60E71 /* NetRawTransition.swift in Sources */,
				DADF44D11AA4B47E00CFD25B /* NetBuilder.swift in Sources */,
				DADF44D31AA4B49500CFD25B /* Net.swift in Sources */,
				DADF44D51AA4B4AF00CFD25B /* NetNode.swift in Sources */,
				DADF44D91AA4B4D900CFD25B /* Internals.swift in Sources */,
			);
			runOnlyForDeploymentPostprocessing = 0;
		};
		DADF44BB1AA4B44300CFD25B /* Sources */ = {
			isa = PBXSourcesBuildPhase;
			buildActionMask = 2147483647;
			files = (
				DADF44C71AA4B44300CFD25B /* QueuedNetTests.swift in Sources */,
			);
			runOnlyForDeploymentPostprocessing = 0;
		};
/* End PBXSourcesBuildPhase section */

/* Begin PBXTargetDependency section */
		DADF44C21AA4B44300CFD25B /* PBXTargetDependency */ = {
			isa = PBXTargetDependency;
			target = DADF44B31AA4B44300CFD25B /* QueuedNet */;
			targetProxy = DADF44C11AA4B44300CFD25B /* PBXContainerItemProxy */;
		};
/* End PBXTargetDependency section */

/* Begin XCBuildConfiguration section */
		DADF44C81AA4B44300CFD25B /* Debug */ = {
			isa = XCBuildConfiguration;
			buildSettings = {
				ALWAYS_SEARCH_USER_PATHS = NO;
				CLANG_CXX_LANGUAGE_STANDARD = "gnu++0x";
				CLANG_CXX_LIBRARY = "libc++";
				CLANG_ENABLE_MODULES = YES;
				CLANG_ENABLE_OBJC_ARC = YES;
				CLANG_WARN_BOOL_CONVERSION = YES;
				CLANG_WARN_CONSTANT_CONVERSION = YES;
				CLANG_WARN_DIRECT_OBJC_ISA_USAGE = YES_ERROR;
				CLANG_WARN_EMPTY_BODY = YES;
				CLANG_WARN_ENUM_CONVERSION = YES;
				CLANG_WARN_INT_CONVERSION = YES;
				CLANG_WARN_OBJC_ROOT_CLASS = YES_ERROR;
				CLANG_WARN_UNREACHABLE_CODE = YES;
				CLANG_WARN__DUPLICATE_METHOD_MATCH = YES;
				"CODE_SIGN_IDENTITY[sdk=iphoneos*]" = "iPhone Developer";
				COPY_PHASE_STRIP = NO;
				CURRENT_PROJECT_VERSION = 1;
				ENABLE_STRICT_OBJC_MSGSEND = YES;
				GCC_C_LANGUAGE_STANDARD = gnu99;
				GCC_DYNAMIC_NO_PIC = NO;
				GCC_OPTIMIZATION_LEVEL = 0;
				GCC_PREPROCESSOR_DEFINITIONS = (
					"DEBUG=1",
					"$(inherited)",
				);
				GCC_SYMBOLS_PRIVATE_EXTERN = NO;
				GCC_WARN_64_TO_32_BIT_CONVERSION = YES;
				GCC_WARN_ABOUT_RETURN_TYPE = YES_ERROR;
				GCC_WARN_UNDECLARED_SELECTOR = YES;
				GCC_WARN_UNINITIALIZED_AUTOS = YES_AGGRESSIVE;
				GCC_WARN_UNUSED_FUNCTION = YES;
				GCC_WARN_UNUSED_VARIABLE = YES;
				IPHONEOS_DEPLOYMENT_TARGET = 8.1;
				MTL_ENABLE_DEBUG_INFO = YES;
				ONLY_ACTIVE_ARCH = YES;
				SDKROOT = iphoneos;
				SWIFT_OPTIMIZATION_LEVEL = "-Onone";
				TARGETED_DEVICE_FAMILY = "1,2";
				VERSIONING_SYSTEM = "apple-generic";
				VERSION_INFO_PREFIX = "";
			};
			name = Debug;
		};
		DADF44C91AA4B44300CFD25B /* Release */ = {
			isa = XCBuildConfiguration;
			buildSettings = {
				ALWAYS_SEARCH_USER_PATHS = NO;
				CLANG_CXX_LANGUAGE_STANDARD = "gnu++0x";
				CLANG_CXX_LIBRARY = "libc++";
				CLANG_ENABLE_MODULES = YES;
				CLANG_ENABLE_OBJC_ARC = YES;
				CLANG_WARN_BOOL_CONVERSION = YES;
				CLANG_WARN_CONSTANT_CONVERSION = YES;
				CLANG_WARN_DIRECT_OBJC_ISA_USAGE = YES_ERROR;
				CLANG_WARN_EMPTY_BODY = YES;
				CLANG_WARN_ENUM_CONVERSION = YES;
				CLANG_WARN_INT_CONVERSION = YES;
				CLANG_WARN_OBJC_ROOT_CLASS = YES_ERROR;
				CLANG_WARN_UNREACHABLE_CODE = YES;
				CLANG_WARN__DUPLICATE_METHOD_MATCH = YES;
				"CODE_SIGN_IDENTITY[sdk=iphoneos*]" = "iPhone Developer";
				COPY_PHASE_STRIP = YES;
				CURRENT_PROJECT_VERSION = 1;
				ENABLE_NS_ASSERTIONS = NO;
				ENABLE_STRICT_OBJC_MSGSEND = YES;
				GCC_C_LANGUAGE_STANDARD = gnu99;
				GCC_WARN_64_TO_32_BIT_CONVERSION = YES;
				GCC_WARN_ABOUT_RETURN_TYPE = YES_ERROR;
				GCC_WARN_UNDECLARED_SELECTOR = YES;
				GCC_WARN_UNINITIALIZED_AUTOS = YES_AGGRESSIVE;
				GCC_WARN_UNUSED_FUNCTION = YES;
				GCC_WARN_UNUSED_VARIABLE = YES;
				IPHONEOS_DEPLOYMENT_TARGET = 8.1;
				MTL_ENABLE_DEBUG_INFO = NO;
				SDKROOT = iphoneos;
				TARGETED_DEVICE_FAMILY = "1,2";
				VALIDATE_PRODUCT = YES;
				VERSIONING_SYSTEM = "apple-generic";
				VERSION_INFO_PREFIX = "";
			};
			name = Release;
		};
		DADF44CB1AA4B44300CFD25B /* Debug */ = {
			isa = XCBuildConfiguration;
			buildSettings = {
				CLANG_ENABLE_MODULES = YES;
				DEFINES_MODULE = YES;
				DYLIB_COMPATIBILITY_VERSION = 1;
				DYLIB_CURRENT_VERSION = 1;
				DYLIB_INSTALL_NAME_BASE = "@rpath";
				INFOPLIST_FILE = QueuedNet/Info.plist;
				INSTALL_PATH = "$(LOCAL_LIBRARY_DIR)/Frameworks";
				LD_RUNPATH_SEARCH_PATHS = "$(inherited) @executable_path/Frameworks @loader_path/Frameworks";
				PRODUCT_NAME = "$(TARGET_NAME)";
				SKIP_INSTALL = YES;
				SWIFT_OPTIMIZATION_LEVEL = "-Onone";
			};
			name = Debug;
		};
		DADF44CC1AA4B44300CFD25B /* Release */ = {
			isa = XCBuildConfiguration;
			buildSettings = {
				CLANG_ENABLE_MODULES = YES;
				DEFINES_MODULE = YES;
				DYLIB_COMPATIBILITY_VERSION = 1;
				DYLIB_CURRENT_VERSION = 1;
				DYLIB_INSTALL_NAME_BASE = "@rpath";
				INFOPLIST_FILE = QueuedNet/Info.plist;
				INSTALL_PATH = "$(LOCAL_LIBRARY_DIR)/Frameworks";
				LD_RUNPATH_SEARCH_PATHS = "$(inherited) @executable_path/Frameworks @loader_path/Frameworks";
				PRODUCT_NAME = "$(TARGET_NAME)";
				SKIP_INSTALL = YES;
			};
			name = Release;
		};
		DADF44CE1AA4B44300CFD25B /* Debug */ = {
			isa = XCBuildConfiguration;
			buildSettings = {
				FRAMEWORK_SEARCH_PATHS = (
					"$(SDKROOT)/Developer/Library/Frameworks",
					"$(inherited)",
				);
				GCC_PREPROCESSOR_DEFINITIONS = (
					"DEBUG=1",
					"$(inherited)",
				);
				INFOPLIST_FILE = QueuedNetTests/Info.plist;
				LD_RUNPATH_SEARCH_PATHS = "$(inherited) @executable_path/Frameworks @loader_path/Frameworks";
				PRODUCT_NAME = "$(TARGET_NAME)";
			};
			name = Debug;
		};
		DADF44CF1AA4B44300CFD25B /* Release */ = {
			isa = XCBuildConfiguration;
			buildSettings = {
				FRAMEWORK_SEARCH_PATHS = (
					"$(SDKROOT)/Developer/Library/Frameworks",
					"$(inherited)",
				);
				INFOPLIST_FILE = QueuedNetTests/Info.plist;
				LD_RUNPATH_SEARCH_PATHS = "$(inherited) @executable_path/Frameworks @loader_path/Frameworks";
				PRODUCT_NAME = "$(TARGET_NAME)";
			};
			name = Release;
		};
/* End XCBuildConfiguration section */

/* Begin XCConfigurationList section */
		DADF44AE1AA4B44300CFD25B /* Build configuration list for PBXProject "QueuedNet" */ = {
			isa = XCConfigurationList;
			buildConfigurations = (
				DADF44C81AA4B44300CFD25B /* Debug */,
				DADF44C91AA4B44300CFD25B /* Release */,
			);
			defaultConfigurationIsVisible = 0;
			defaultConfigurationName = Release;
		};
		DADF44CA1AA4B44300CFD25B /* Build configuration list for PBXNativeTarget "QueuedNet" */ = {
			isa = XCConfigurationList;
			buildConfigurations = (
				DADF44CB1AA4B44300CFD25B /* Debug */,
				DADF44CC1AA4B44300CFD25B /* Release */,
			);
			defaultConfigurationIsVisible = 0;
			defaultConfigurationName = Release;
		};
		DADF44CD1AA4B44300CFD25B /* Build configuration list for PBXNativeTarget "QueuedNetTests" */ = {
			isa = XCConfigurationList;
			buildConfigurations = (
				DADF44CE1AA4B44300CFD25B /* Debug */,
				DADF44CF1AA4B44300CFD25B /* Release */,
			);
			defaultConfigurationIsVisible = 0;
			defaultConfigurationName = Release;
		};
/* End XCConfigurationList section */
	};
	rootObject = DADF44AB1AA4B44300CFD25B /* Project object */;
}
